
Microsoft Visual Studio Solution File, Format Version 12.00
# Visual Studio 14
VisualStudioVersion = 14.0.25420.1
MinimumVisualStudioVersion = 10.0.40219.1
Project("{FAE04EC0-301F-11D3-BF4B-00C04F79EFBC}") = "TetaPowerModbus", "TetaPowerModbus\TetaPowerModbus.csproj", "{2FE2DF8A-D829-4AA2-9BB3-AF6718D25A54}"
EndProject
Project("{FAE04EC0-301F-11D3-BF4B-00C04F79EFBC}") = "EasyModbusTCPCore", "EasyModbusTCPCore\EasyModbusTCPCore.csproj", "{90DD611F-FC29-4A6B-AB26-5253B97EAA08}"
EndProject
Project("{FAE04EC0-301F-11D3-BF4B-00C04F79EFBC}") = "OnlineMonitoringLog.Drivers", "..\OnlineMonitoringLog.Drivers\OnlineMonitoringLog.Drivers\OnlineMonitoringLog.Drivers.csproj", "{B720CB3B-8100-43C1-8701-2AB0CC36CCB2}"
EndProject
Project("{FAE04EC0-301F-11D3-BF4B-00C04F79EFBC}") = "ModbusTcpTest", "ModbusTcpTest\ModbusTcpTest\ModbusTcpTest.csproj", "{5627C03E-7D85-4845-9491-B47A3E871843}"
EndProject
Project("{FAE04EC0-301F-11D3-BF4B-00C04F79EFBC}") = "OnlineMonitoringLog.Core", "..\OnlineMonitoringLog.Core\OnlineMonitoringLog.Core\OnlineMonitoringLog.Core.csproj", "{AC744C57-E4A7-40F5-A021-50AFA6A1F2BF}"
EndProject
Global
	GlobalSection(SolutionConfigurationPlatforms) = preSolution
		Debug|Any CPU = Debug|Any CPU
		Release|Any CPU = Release|Any CPU
		Test|Any CPU = Test|Any CPU
	EndGlobalSection
	GlobalSection(ProjectConfigurationPlatforms) = postSolution
		{2FE2DF8A-D829-4AA2-9BB3-AF6718D25A54}.Debug|Any CPU.ActiveCfg = Debug|Any CPU
		{2FE2DF8A-D829-4AA2-9BB3-AF6718D25A54}.Debug|Any CPU.Build.0 = Debug|Any CPU
		{2FE2DF8A-D829-4AA2-9BB3-AF6718D25A54}.Release|Any CPU.ActiveCfg = Release|Any CPU
		{2FE2DF8A-D829-4AA2-9BB3-AF6718D25A54}.Release|Any CPU.Build.0 = Release|Any CPU
		{2FE2DF8A-D829-4AA2-9BB3-AF6718D25A54}.Test|Any CPU.ActiveCfg = Test|Any CPU
		{2FE2DF8A-D829-4AA2-9BB3-AF6718D25A54}.Test|Any CPU.Build.0 = Test|Any CPU
		{90DD611F-FC29-4A6B-AB26-5253B97EAA08}.Debug|Any CPU.ActiveCfg = Debug|Any CPU
		{90DD611F-FC29-4A6B-AB26-5253B97EAA08}.Debug|Any CPU.Build.0 = Debug|Any CPU
		{90DD611F-FC29-4A6B-AB26-5253B97EAA08}.Release|Any CPU.ActiveCfg = Release|Any CPU
		{90DD611F-FC29-4A6B-AB26-5253B97EAA08}.Release|Any CPU.Build.0 = Release|Any CPU
		{90DD611F-FC29-4A6B-AB26-5253B97EAA08}.Test|Any CPU.ActiveCfg = Test|Any CPU
		{90DD611F-FC29-4A6B-AB26-5253B97EAA08}.Test|Any CPU.Build.0 = Test|Any CPU
		{B720CB3B-8100-43C1-8701-2AB0CC36CCB2}.Debug|Any CPU.ActiveCfg = Debug|Any CPU
		{B720CB3B-8100-43C1-8701-2AB0CC36CCB2}.Debug|Any CPU.Build.0 = Debug|Any CPU
		{B720CB3B-8100-43C1-8701-2AB0CC36CCB2}.Release|Any CPU.ActiveCfg = Release|Any CPU
		{B720CB3B-8100-43C1-8701-2AB0CC36CCB2}.Release|Any CPU.Build.0 = Release|Any CPU
		{B720CB3B-8100-43C1-8701-2AB0CC36CCB2}.Test|Any CPU.ActiveCfg = Test|Any CPU
		{B720CB3B-8100-43C1-8701-2AB0CC36CCB2}.Test|Any CPU.Build.0 = Test|Any CPU
		{5627C03E-7D85-4845-9491-B47A3E871843}.Debug|Any CPU.ActiveCfg = Debug|Any CPU
		{5627C03E-7D85-4845-9491-B47A3E871843}.Debug|Any CPU.Build.0 = Debug|Any CPU
		{5627C03E-7D85-4845-9491-B47A3E871843}.Release|Any CPU.ActiveCfg = Release|Any CPU
		{5627C03E-7D85-4845-9491-B47A3E871843}.Release|Any CPU.Build.0 = Release|Any CPU
		{5627C03E-7D85-4845-9491-B47A3E871843}.Test|Any CPU.ActiveCfg = Release|Any CPU
		{5627C03E-7D85-4845-9491-B47A3E871843}.Test|Any CPU.Build.0 = Release|Any CPU
		{AC744C57-E4A7-40F5-A021-50AFA6A1F2BF}.Debug|Any CPU.ActiveCfg = Debug|Any CPU
		{AC744C57-E4A7-40F5-A021-50AFA6A1F2BF}.Debug|Any CPU.Build.0 = Debug|Any CPU
		{AC744C57-E4A7-40F5-A021-50AFA6A1F2BF}.Release|Any CPU.ActiveCfg = Release|Any CPU
		{AC744C57-E4A7-40F5-A021-50AFA6A1F2BF}.Release|Any CPU.Build.0 = Release|Any CPU
		{AC744C57-E4A7-40F5-A021-50AFA6A1F2BF}.Test|Any CPU.ActiveCfg = Release|Any CPU
		{AC744C57-E4A7-40F5-A021-50AFA6A1F2BF}.Test|Any CPU.Build.0 = Release|Any CPU
	EndGlobalSection
	GlobalSection(SolutionProperties) = preSolution
		HideSolutionNode = FALSE
	EndGlobalSection
EndGlobal
